
Microsoft Visual Studio Solution File, Format Version 12.00
# Visual Studio Version 17
VisualStudioVersion = 17.8.34408.163
MinimumVisualStudioVersion = 10.0.40219.1
Project("{FAE04EC0-301F-11D3-BF4B-00C04F79EFBC}") = "LucidGlovesBLE", "LucidGlovesBLE\LucidGlovesBLE.csproj", "{A94E45D6-1A0D-4461-AE90-A4AA62572B33}"
EndProject
Global
	GlobalSection(SolutionConfigurationPlatforms) = preSolution
		Debug|Any CPU = Debug|Any CPU
		Release|Any CPU = Release|Any CPU
	EndGlobalSection
	GlobalSection(ProjectConfigurationPlatforms) = postSolution
		{A94E45D6-1A0D-4461-AE90-A4AA62572B33}.Debug|Any CPU.ActiveCfg = Debug|Any CPU
		{A94E45D6-1A0D-4461-AE90-A4AA62572B33}.Debug|Any CPU.Build.0 = Debug|Any CPU
		{A94E45D6-1A0D-4461-AE90-A4AA62572B33}.Release|Any CPU.ActiveCfg = Release|Any CPU
		{A94E45D6-1A0D-4461-AE90-A4AA62572B33}.Release|Any CPU.Build.0 = Release|Any CPU
	EndGlobalSection
	GlobalSection(SolutionProperties) = preSolution
		HideSolutionNode = FALSE
	EndGlobalSection
	GlobalSection(ExtensibilityGlobals) = postSolution
		SolutionGuid = {4B02000E-D169-4886-85F7-3A18DF0CC4F7}
	EndGlobalSection
EndGlobal
